<?xml version="1.0" encoding="utf-8"?>
<Project ToolsVersion="4.0" xmlns="http://schemas.microsoft.com/developer/msbuild/2003">
  <ItemGroup>
    <Filter Include="Source Files">
      <UniqueIdentifier>{15e9ec0b-f2ee-4eae-9236-b6e246bc9d36}</UniqueIdentifier>
      <Extensions>cpp;c;cxx;rc;def;r;odl;idl;hpj;bat</Extensions>
    </Filter>
    <Filter Include="Header Files">
      <UniqueIdentifier>{8a8f2581-f021-44d8-996c-10f365880df1}</UniqueIdentifier>
      <Extensions>h;hpp;hxx;hm;inl</Extensions>
    </Filter>
    <Filter Include="Resource Files">
      <UniqueIdentifier>{a3071e10-eb37-4184-8bb8-1d525c056889}</UniqueIdentifier>
      <Extensions>ico;cur;bmp;dlg;rc2;rct;bin;rgs;gif;jpg;jpeg;jpe</Extensions>
    </Filter>
  </ItemGroup>
  <ItemGroup>
    <ClCompile Include="DevMgr.c">
      <Filter>Source Files</Filter>
    </ClCompile>
    <ClCompile Include="GetTypeInfo.c">
      <Filter>Source Files</Filter>
    </ClCompile>
    <ClCompile Include="Setup.c">
      <Filter>Source Files</Filter>
    </ClCompile>
    <ClCompile Include="SysSetup.c">
      <Filter>Source Files</Filter>
    </ClCompile>
    <ClCompile Include="Util.c">
      <Filter>Source Files</Filter>
    </ClCompile>
    <ClCompile Include="WDMSetup.c">
      <Filter>Source Files</Filter>
    </ClCompile>
  </ItemGroup>
  <ItemGroup>
    <ResourceCompile Include="DevMgr.rc">
      <Filter>Source Files</Filter>
    </ResourceCompile>
  </ItemGroup>
  <ItemGroup>
    <ClInclude Include="DevMgr.h">
      <Filter>Header Files</Filter>
    </ClInclude>
    <ClInclude Include="GetTypeInfo.h">
      <Filter>Header Files</Filter>
    </ClInclude>
    <ClInclude Include="resource.h">
      <Filter>Header Files</Filter>
    </ClInclude>
    <ClInclude Include="Setup.h">
      <Filter>Header Files</Filter>
    </ClInclude>
    <ClInclude Include="SysSetup.h">
      <Filter>Header Files</Filter>
    </ClInclude>
    <ClInclude Include="Util.h">
      <Filter>Header Files</Filter>
    </ClInclude>
    <ClInclude Include="WDMSetup.h">
      <Filter>Header Files</Filter>
    </ClInclude>
  </ItemGroup>
  <ItemGroup>
    <Image Include="MYCOMP.BMP">
      <Filter>Resource Files</Filter>
    </Image>
    <Image Include="MYCOMP.ICO">
      <Filter>Resource Files</Filter>
    </Image>
  </ItemGroup>
</Project>